
Microsoft Visual Studio Solution File, Format Version 12.00
# Visual Studio Version 16
VisualStudioVersion = 16.0.29806.167
MinimumVisualStudioVersion = 10.0.40219.1
Project("{FAE04EC0-301F-11D3-BF4B-00C04F79EFBC}") = "tizedik", "tizedik\tizedik.csproj", "{82124D7B-EBCD-4258-BA54-3779D7D5A52A}"
EndProject
Global
	GlobalSection(SolutionConfigurationPlatforms) = preSolution
		Debug|Any CPU = Debug|Any CPU
		Release|Any CPU = Release|Any CPU
	EndGlobalSection
	GlobalSection(ProjectConfigurationPlatforms) = postSolution
		{82124D7B-EBCD-4258-BA54-3779D7D5A52A}.Debug|Any CPU.ActiveCfg = Debug|Any CPU
		{82124D7B-EBCD-4258-BA54-3779D7D5A52A}.Debug|Any CPU.Build.0 = Debug|Any CPU
		{82124D7B-EBCD-4258-BA54-3779D7D5A52A}.Release|Any CPU.ActiveCfg = Release|Any CPU
		{82124D7B-EBCD-4258-BA54-3779D7D5A52A}.Release|Any CPU.Build.0 = Release|Any CPU
	EndGlobalSection
	GlobalSection(SolutionProperties) = preSolution
		HideSolutionNode = FALSE
	EndGlobalSection
	GlobalSection(ExtensibilityGlobals) = postSolution
		SolutionGuid = {8F68E007-30D7-4EF6-AE11-B346D04D2B14}
	EndGlobalSection
EndGlobal
